
Microsoft Visual Studio Solution File, Format Version 12.00
# Visual Studio 15
VisualStudioVersion = 15.0.27130.2036
MinimumVisualStudioVersion = 10.0.40219.1
Project("{FAE04EC0-301F-11D3-BF4B-00C04F79EFBC}") = "ConsoleApp7", "ConsoleApp7\ConsoleApp7.csproj", "{A0A542A5-A77D-412A-B837-109C33AA8A1E}"
EndProject
Global
	GlobalSection(SolutionConfigurationPlatforms) = preSolution
		Debug|Any CPU = Debug|Any CPU
		Release|Any CPU = Release|Any CPU
	EndGlobalSection
	GlobalSection(ProjectConfigurationPlatforms) = postSolution
		{A0A542A5-A77D-412A-B837-109C33AA8A1E}.Debug|Any CPU.ActiveCfg = Debug|Any CPU
		{A0A542A5-A77D-412A-B837-109C33AA8A1E}.Debug|Any CPU.Build.0 = Debug|Any CPU
		{A0A542A5-A77D-412A-B837-109C33AA8A1E}.Release|Any CPU.ActiveCfg = Release|Any CPU
		{A0A542A5-A77D-412A-B837-109C33AA8A1E}.Release|Any CPU.Build.0 = Release|Any CPU
	EndGlobalSection
	GlobalSection(SolutionProperties) = preSolution
		HideSolutionNode = FALSE
	EndGlobalSection
	GlobalSection(ExtensibilityGlobals) = postSolution
		SolutionGuid = {83A777BA-9437-4647-8D38-63DD6FE36ABF}
	EndGlobalSection
EndGlobal
